
Microsoft Visual Studio Solution File, Format Version 12.00
# Visual Studio Version 17
VisualStudioVersion = 17.12.35309.182
MinimumVisualStudioVersion = 10.0.40219.1
Project("{FAE04EC0-301F-11D3-BF4B-00C04F79EFBC}") = "SaigorPrimeBack", "SaigorPrimeBack.csproj", "{51FED817-2EDF-4AEC-9B4C-7CB50DA04D57}"
EndProject
Global
	GlobalSection(SolutionConfigurationPlatforms) = preSolution
		Debug|Any CPU = Debug|Any CPU
		Release|Any CPU = Release|Any CPU
	EndGlobalSection
	GlobalSection(ProjectConfigurationPlatforms) = postSolution
		{51FED817-2EDF-4AEC-9B4C-7CB50DA04D57}.Debug|Any CPU.ActiveCfg = Debug|Any CPU
		{51FED817-2EDF-4AEC-9B4C-7CB50DA04D57}.Debug|Any CPU.Build.0 = Debug|Any CPU
		{51FED817-2EDF-4AEC-9B4C-7CB50DA04D57}.Release|Any CPU.ActiveCfg = Release|Any CPU
		{51FED817-2EDF-4AEC-9B4C-7CB50DA04D57}.Release|Any CPU.Build.0 = Release|Any CPU
	EndGlobalSection
	GlobalSection(SolutionProperties) = preSolution
		HideSolutionNode = FALSE
	EndGlobalSection
	GlobalSection(ExtensibilityGlobals) = postSolution
		SolutionGuid = {751CF187-4CFB-4B38-ADED-53DFE50549C7}
	EndGlobalSection
EndGlobal
